version = 1
revision = 3
requires-python = "==3.9.*"

[[package]]
name = "colorama"
version = "0.4.6"
source = { registry = "https://pypi.org/simple" }
sdist = { url = "https://files.pythonhosted.org/packages/d8/53/6f443c9a4a8358a93a6792e2acffb9d9d5cb0a5cfd8802644b7b1c9a02e4/colorama-0.4.6.tar.gz", hash = "sha256:08695f5cb7ed6e0531a20572697297273c47b8cae5a63ffc6d6ed5c201be6e44", size = 27697, upload-time = "2022-10-25T02:36:22.414Z" }
wheels = [
    { url = "https://files.pythonhosted.org/packages/d1/d6/3965ed04c63042e047cb6a3e6ed1a63a35087b6a609aa3a15ed8ac56c221/colorama-0.4.6-py2.py3-none-any.whl", hash = "sha256:4f1d9991f5acc0ca119f9d443620b77f9d6b33703e51011c16baf57afb285fc6", size = 25335, upload-time = "2022-10-25T02:36:20.889Z" },
]

[[package]]
name = "contourpy"
version = "1.1.1"
source = { registry = "https://pypi.org/simple" }
dependencies = [
    { name = "numpy" },
]
sdist = { url = "https://files.pythonhosted.org/packages/b1/7d/087ee4295e7580d3f7eb8a8a4e0ec8c7847e60f34135248ccf831cf5bbfc/contourpy-1.1.1.tar.gz", hash = "sha256:96ba37c2e24b7212a77da85004c38e7c4d155d3e72a45eeaf22c1f03f607e8ab", size = 13433167, upload-time = "2023-09-16T10:25:49.501Z" }
wheels = [
    { url = "https://files.pythonhosted.org/packages/16/d9/8a15ff67fc27c65939e454512955e1b240ec75cd201d82e115b3b63ef76d/contourpy-1.1.1-cp39-cp39-macosx_10_9_x86_64.whl", hash = "sha256:ba42e3810999a0ddd0439e6e5dbf6d034055cdc72b7c5c839f37a7c274cb4eba", size = 247396, upload-time = "2023-09-16T10:23:06.429Z" },
    { url = "https://files.pythonhosted.org/packages/09/fe/086e6847ee53da10ddf0b6c5e5f877ab43e68e355d2f4c85f67561ee8a57/contourpy-1.1.1-cp39-cp39-macosx_11_0_arm64.whl", hash = "sha256:6c06e4c6e234fcc65435223c7b2a90f286b7f1b2733058bdf1345d218cc59e34", size = 232598, upload-time = "2023-09-16T10:23:11.009Z" },
    { url = "https://files.pythonhosted.org/packages/a3/9c/662925239e1185c6cf1da8c334e4c61bddcfa8e528f4b51083b613003170/contourpy-1.1.1-cp39-cp39-manylinux_2_17_aarch64.manylinux2014_aarch64.whl", hash = "sha256:ca6fab080484e419528e98624fb5c4282148b847e3602dc8dbe0cb0669469887", size = 286436, upload-time = "2023-09-16T10:23:14.624Z" },
    { url = "https://files.pythonhosted.org/packages/d3/7e/417cdf65da7140981079eda6a81ecd593ae0239bf8c738f2e2b3f6df8920/contourpy-1.1.1-cp39-cp39-manylinux_2_17_ppc64le.manylinux2014_ppc64le.whl", hash = "sha256:93df44ab351119d14cd1e6b52a5063d3336f0754b72736cc63db59307dabb718", size = 322629, upload-time = "2023-09-16T10:23:18.203Z" },
    { url = "https://files.pythonhosted.org/packages/a8/22/ffd88aef74cc045698c5e5c400e8b7cd62311199c109245ac7827290df2c/contourpy-1.1.1-cp39-cp39-manylinux_2_17_s390x.manylinux2014_s390x.whl", hash = "sha256:eafbef886566dc1047d7b3d4b14db0d5b7deb99638d8e1be4e23a7c7ac59ff0f", size = 297117, upload-time = "2023-09-16T10:23:21.586Z" },
    { url = "https://files.pythonhosted.org/packages/2b/c0/24c34c41a180f875419b536125799c61e2330b997d77a5a818a3bc3e08cd/contourpy-1.1.1-cp39-cp39-manylinux_2_17_x86_64.manylinux2014_x86_64.whl", hash = "sha256:efe0fab26d598e1ec07d72cf03eaeeba8e42b4ecf6b9ccb5a356fde60ff08b85", size = 301855, upload-time = "2023-09-16T10:23:25.584Z" },
    { url = "https://files.pythonhosted.org/packages/bf/ec/f9877f6378a580cd683bd76c8a781dcd972e82965e0da951a739d3364677/contourpy-1.1.1-cp39-cp39-musllinux_1_1_x86_64.whl", hash = "sha256:f08e469821a5e4751c97fcd34bcb586bc243c39c2e39321822060ba902eac49e", size = 820597, upload-time = "2023-09-16T10:23:33.133Z" },
    { url = "https://files.pythonhosted.org/packages/e1/3a/c41f4bc7122d3a06388acae1bed6f50a665c1031863ca42bd701094dcb1f/contourpy-1.1.1-cp39-cp39-win32.whl", hash = "sha256:bfc8a5e9238232a45ebc5cb3bfee71f1167064c8d382cadd6076f0d51cff1da0", size = 400031, upload-time = "2023-09-16T10:23:37.546Z" },
    { url = "https://files.pythonhosted.org/packages/87/2b/9b49451f7412cc1a79198e94a771a4e52d65c479aae610b1161c0290ef2c/contourpy-1.1.1-cp39-cp39-win_amd64.whl", hash = "sha256:c84fdf3da00c2827d634de4fcf17e3e067490c4aea82833625c4c8e6cdea0887", size = 435965, upload-time = "2023-09-16T10:23:42.512Z" },
    { url = "https://files.pythonhosted.org/packages/e7/12/643242c3d9b031ca19f9a440f63e568dd883a04711056ca5d607f9bda888/contourpy-1.1.1-pp39-pypy39_pp73-macosx_10_9_x86_64.whl", hash = "sha256:a75cc163a5f4531a256f2c523bd80db509a49fc23721b36dd1ef2f60ff41c3cb", size = 246247, upload-time = "2023-09-16T10:23:58.204Z" },
    { url = "https://files.pythonhosted.org/packages/e1/37/95716fe235bf441422059e4afcd4b9b7c5821851c2aee992a06d1e9f831a/contourpy-1.1.1-pp39-pypy39_pp73-manylinux_2_17_x86_64.manylinux2014_x86_64.whl", hash = "sha256:3b53d5769aa1f2d4ea407c65f2d1d08002952fac1d9e9d307aa2e1023554a163", size = 289029, upload-time = "2023-09-16T10:24:02.085Z" },
    { url = "https://files.pythonhosted.org/packages/e5/fd/14852c4a688031e0d8a20d9a1b60078d45507186ef17042093835be2f01a/contourpy-1.1.1-pp39-pypy39_pp73-win_amd64.whl", hash = "sha256:11b836b7dbfb74e049c302bbf74b4b8f6cb9d0b6ca1bf86cfa8ba144aedadd9c", size = 476043, upload-time = "2023-09-16T10:24:07.292Z" },
]

[[package]]
name = "cycler"
version = "0.12.1"
source = { registry = "https://pypi.org/simple" }
sdist = { url = "https://files.pythonhosted.org/packages/a9/95/a3dbbb5028f35eafb79008e7522a75244477d2838f38cbb722248dabc2a8/cycler-0.12.1.tar.gz", hash = "sha256:88bb128f02ba341da8ef447245a9e138fae777f6a23943da4540077d3601eb1c", size = 7615, upload-time = "2023-10-07T05:32:18.335Z" }
wheels = [
    { url = "https://files.pythonhosted.org/packages/e7/05/c19819d5e3d95294a6f5947fb9b9629efb316b96de511b418c53d245aae6/cycler-0.12.1-py3-none-any.whl", hash = "sha256:85cef7cff222d8644161529808465972e51340599459b8ac3ccbac5a854e0d30", size = 8321, upload-time = "2023-10-07T05:32:16.783Z" },
]

[[package]]
name = "deep-jsense"
version = "0.1.0"
source = { virtual = "." }
dependencies = [
    { name = "dotmap" },
    { name = "h5py" },
    { name = "matplotlib" },
    { name = "numpy" },
    { name = "sigpy" },
    { name = "torch" },
    { name = "tqdm" },
]

[package.metadata]
requires-dist = [
    { name = "dotmap", specifier = "==1.3.30" },
    { name = "h5py", specifier = "==3.14.0" },
    { name = "matplotlib", specifier = "==3.6.3" },
    { name = "numpy", specifier = "==1.19.5" },
    { name = "sigpy", specifier = "==0.1.27" },
    { name = "torch", specifier = "==1.9" },
    { name = "tqdm", specifier = "==4.67.3" },
]

[[package]]
name = "dotmap"
version = "1.3.30"
source = { registry = "https://pypi.org/simple" }
sdist = { url = "https://files.pythonhosted.org/packages/bc/68/c186606e4f2bf731abd18044ea201e70c3c244bf468f41368820d197fca5/dotmap-1.3.30.tar.gz", hash = "sha256:5821a7933f075fb47563417c0e92e0b7c031158b4c9a6a7e56163479b658b368", size = 12391, upload-time = "2022-04-06T16:26:49.211Z" }
wheels = [
    { url = "https://files.pythonhosted.org/packages/4d/f9/976d6813c160d6c89196d81e9466dca1503d20e609d8751f3536daf37ec6/dotmap-1.3.30-py3-none-any.whl", hash = "sha256:bd9fa15286ea2ad899a4d1dc2445ed85a1ae884a42effb87c89a6ecce71243c6", size = 11464, upload-time = "2022-04-06T16:26:47.103Z" },
]

[[package]]
name = "fonttools"
version = "4.60.2"
source = { registry = "https://pypi.org/simple" }
sdist = { url = "https://files.pythonhosted.org/packages/3e/c4/db6a7b5eb0656534c3aa2596c2c5e18830d74f1b9aa5aa8a7dff63a0b11d/fonttools-4.60.2.tar.gz", hash = "sha256:d29552e6b155ebfc685b0aecf8d429cb76c14ab734c22ef5d3dea6fdf800c92c", size = 3562254, upload-time = "2025-12-09T13:38:11.835Z" }
wheels = [
    { url = "https://files.pythonhosted.org/packages/55/ae/a6d9446cb258d3fe87e311c2d7bacf8e8da3e5809fbdc3a8306db4f6b14e/fonttools-4.60.2-cp39-cp39-macosx_10_9_universal2.whl", hash = "sha256:a3c75b8b42f7f93906bdba9eb1197bb76aecbe9a0a7cf6feec75f7605b5e8008", size = 2857184, upload-time = "2025-12-09T13:37:49.96Z" },
    { url = "https://files.pythonhosted.org/packages/3a/f3/1b41d0b6a8b908aa07f652111155dd653ebbf0b3385e66562556c5206685/fonttools-4.60.2-cp39-cp39-macosx_10_9_x86_64.whl", hash = "sha256:0f86c8c37bc0ec0b9c141d5e90c717ff614e93c187f06d80f18c7057097f71bc", size = 2401877, upload-time = "2025-12-09T13:37:52.307Z" },
    { url = "https://files.pythonhosted.org/packages/71/57/048fd781680c38b05c5463657d0d95d5f2391a51972176e175c01de29d42/fonttools-4.60.2-cp39-cp39-manylinux2014_aarch64.manylinux_2_17_aarch64.manylinux_2_28_aarch64.whl", hash = "sha256:fe905403fe59683b0e9a45f234af2866834376b8821f34633b1c76fb731b6311", size = 4878073, upload-time = "2025-12-09T13:37:56.477Z" },
    { url = "https://files.pythonhosted.org/packages/45/bb/363364f052a893cebd3d449588b21244a9d873620fda03ad92702d2e1bc7/fonttools-4.60.2-cp39-cp39-manylinux2014_x86_64.manylinux_2_17_x86_64.whl", hash = "sha256:38ce703b60a906e421e12d9e3a7f064883f5e61bb23e8961f4be33cfe578500b", size = 4835385, upload-time = "2025-12-09T13:37:58.882Z" },
    { url = "https://files.pythonhosted.org/packages/1c/38/e392bb930b2436287e6021672345db26441bf1f85f1e98f8b9784334e41d/fonttools-4.60.2-cp39-cp39-musllinux_1_2_aarch64.whl", hash = "sha256:9e810c06f3e79185cecf120e58b343ea5a89b54dd695fd644446bcf8c026da5e", size = 4853084, upload-time = "2025-12-09T13:38:01.578Z" },
    { url = "https://files.pythonhosted.org/packages/65/60/0d77faeaecf7a3276a8a6dc49e2274357e6b3ed6a1774e2fdb2a7f142db0/fonttools-4.60.2-cp39-cp39-musllinux_1_2_x86_64.whl", hash = "sha256:38faec8cc1d12122599814d15a402183f5123fb7608dac956121e7c6742aebc5", size = 4971144, upload-time = "2025-12-09T13:38:03.748Z" },
    { url = "https://files.pythonhosted.org/packages/ba/c7/6d3ac3afbcd598631bce24c3ecb919e7d0644a82fea8ddc4454312fc0be6/fonttools-4.60.2-cp39-cp39-win32.whl", hash = "sha256:80a45cf7bf659acb7b36578f300231873daba67bd3ca8cce181c73f861f14a37", size = 1499411, upload-time = "2025-12-09T13:38:05.586Z" },
    { url = "https://files.pythonhosted.org/packages/5a/1c/9dedf6420e23f9fa630bb97941839dddd2e1e57d1b2b85a902378dbe0bd2/fonttools-4.60.2-cp39-cp39-win_amd64.whl", hash = "sha256:c355d5972071938e1b1e0f5a1df001f68ecf1a62f34a3407dc8e0beccf052501", size = 1547943, upload-time = "2025-12-09T13:38:07.604Z" },
    { url = "https://files.pythonhosted.org/packages/79/6c/10280af05b44fafd1dff69422805061fa1af29270bc52dce031ac69540bf/fonttools-4.60.2-py3-none-any.whl", hash = "sha256:73cf92eeda67cf6ff10c8af56fc8f4f07c1647d989a979be9e388a49be26552a", size = 1144610, upload-time = "2025-12-09T13:38:09.5Z" },
]

[[package]]
name = "h5py"
version = "3.14.0"
source = { registry = "https://pypi.org/simple" }
dependencies = [
    { name = "numpy" },
]
sdist = { url = "https://files.pythonhosted.org/packages/5d/57/dfb3c5c3f1bf5f5ef2e59a22dec4ff1f3d7408b55bfcefcfb0ea69ef21c6/h5py-3.14.0.tar.gz", hash = "sha256:2372116b2e0d5d3e5e705b7f663f7c8d96fa79a4052d250484ef91d24d6a08f4", size = 424323, upload-time = "2025-06-06T14:06:15.01Z" }
wheels = [
    { url = "https://files.pythonhosted.org/packages/ec/ac/9ea82488c8790ee5b6ad1a807cd7dc3b9dadfece1cd0e0e369f68a7a8937/h5py-3.14.0-cp39-cp39-macosx_10_9_x86_64.whl", hash = "sha256:f5cc1601e78027cedfec6dd50efb4802f018551754191aeb58d948bd3ec3bd7a", size = 3345097, upload-time = "2025-06-06T14:05:51.984Z" },
    { url = "https://files.pythonhosted.org/packages/6c/bc/a172ecaaf287e3af2f837f23b470b0a2229c79555a0da9ac8b5cc5bed078/h5py-3.14.0-cp39-cp39-macosx_11_0_arm64.whl", hash = "sha256:5e59d2136a8b302afd25acdf7a89b634e0eb7c66b1a211ef2d0457853768a2ef", size = 2843320, upload-time = "2025-06-06T14:05:55.754Z" },
    { url = "https://files.pythonhosted.org/packages/66/40/b423b57696514e05aa7bb06150ef96667d0e0006cc6de7ab52c71734ab51/h5py-3.14.0-cp39-cp39-manylinux_2_17_aarch64.manylinux2014_aarch64.whl", hash = "sha256:573c33ad056ac7c1ab6d567b6db9df3ffc401045e3f605736218f96c1e0490c6", size = 4326368, upload-time = "2025-06-06T14:06:00.782Z" },
    { url = "https://files.pythonhosted.org/packages/f7/07/e088f89f04fdbe57ddf9de377f857158d3daa38cf5d0fb20ef9bd489e313/h5py-3.14.0-cp39-cp39-manylinux_2_17_x86_64.manylinux2014_x86_64.whl", hash = "sha256:ccbe17dc187c0c64178f1a10aa274ed3a57d055117588942b8a08793cc448216", size = 4559686, upload-time = "2025-06-06T14:06:07.416Z" },
    { url = "https://files.pythonhosted.org/packages/b4/e4/fb8032d0e5480b1db9b419b5b50737b61bb3c7187c49d809975d62129fb0/h5py-3.14.0-cp39-cp39-win_amd64.whl", hash = "sha256:4f025cf30ae738c4c4e38c7439a761a71ccfcce04c2b87b2a2ac64e8c5171d43", size = 2877166, upload-time = "2025-06-06T14:06:13.05Z" },
]

[[package]]
name = "kiwisolver"
version = "1.4.7"
source = { registry = "https://pypi.org/simple" }
sdist = { url = "https://files.pythonhosted.org/packages/85/4d/2255e1c76304cbd60b48cee302b66d1dde4468dc5b1160e4b7cb43778f2a/kiwisolver-1.4.7.tar.gz", hash = "sha256:9893ff81bd7107f7b685d3017cc6583daadb4fc26e4a888350df530e41980a60", size = 97286, upload-time = "2024-09-04T09:39:44.302Z" }
wheels = [
    { url = "https://files.pythonhosted.org/packages/11/88/37ea0ea64512997b13d69772db8dcdc3bfca5442cda3a5e4bb943652ee3e/kiwisolver-1.4.7-cp39-cp39-macosx_10_9_universal2.whl", hash = "sha256:3f9362ecfca44c863569d3d3c033dbe8ba452ff8eed6f6b5806382741a1334bd", size = 122449, upload-time = "2024-09-04T09:05:55.311Z" },
    { url = "https://files.pythonhosted.org/packages/4e/45/5a5c46078362cb3882dcacad687c503089263c017ca1241e0483857791eb/kiwisolver-1.4.7-cp39-cp39-macosx_10_9_x86_64.whl", hash = "sha256:e8df2eb9b2bac43ef8b082e06f750350fbbaf2887534a5be97f6cf07b19d9583", size = 65757, upload-time = "2024-09-04T09:05:56.906Z" },
    { url = "https://files.pythonhosted.org/packages/8a/be/a6ae58978772f685d48dd2e84460937761c53c4bbd84e42b0336473d9775/kiwisolver-1.4.7-cp39-cp39-macosx_11_0_arm64.whl", hash = "sha256:f32d6edbc638cde7652bd690c3e728b25332acbadd7cad670cc4a02558d9c417", size = 64312, upload-time = "2024-09-04T09:05:58.384Z" },
    { url = "https://files.pythonhosted.org/packages/f4/04/18ef6f452d311e1e1eb180c9bf5589187fa1f042db877e6fe443ef10099c/kiwisolver-1.4.7-cp39-cp39-manylinux_2_12_i686.manylinux2010_i686.whl", hash = "sha256:e2e6c39bd7b9372b0be21456caab138e8e69cc0fc1190a9dfa92bd45a1e6e904", size = 1626966, upload-time = "2024-09-04T09:05:59.855Z" },
    { url = "https://files.pythonhosted.org/packages/21/b1/40655f6c3fa11ce740e8a964fa8e4c0479c87d6a7944b95af799c7a55dfe/kiwisolver-1.4.7-cp39-cp39-manylinux_2_12_x86_64.manylinux2010_x86_64.whl", hash = "sha256:dda56c24d869b1193fcc763f1284b9126550eaf84b88bbc7256e15028f19188a", size = 1607044, upload-time = "2024-09-04T09:06:02.16Z" },
    { url = "https://files.pythonhosted.org/packages/fd/93/af67dbcfb9b3323bbd2c2db1385a7139d8f77630e4a37bb945b57188eb2d/kiwisolver-1.4.7-cp39-cp39-manylinux_2_17_aarch64.manylinux2014_aarch64.whl", hash = "sha256:79849239c39b5e1fd906556c474d9b0439ea6792b637511f3fe3a41158d89ca8", size = 1391879, upload-time = "2024-09-04T09:06:03.908Z" },
    { url = "https://files.pythonhosted.org/packages/40/6f/d60770ef98e77b365d96061d090c0cd9e23418121c55fff188fa4bdf0b54/kiwisolver-1.4.7-cp39-cp39-manylinux_2_17_ppc64le.manylinux2014_ppc64le.whl", hash = "sha256:5e3bc157fed2a4c02ec468de4ecd12a6e22818d4f09cde2c31ee3226ffbefab2", size = 1504751, upload-time = "2024-09-04T09:06:05.58Z" },
    { url = "https://files.pythonhosted.org/packages/fa/3a/5f38667d313e983c432f3fcd86932177519ed8790c724e07d77d1de0188a/kiwisolver-1.4.7-cp39-cp39-manylinux_2_17_s390x.manylinux2014_s390x.whl", hash = "sha256:3da53da805b71e41053dc670f9a820d1157aae77b6b944e08024d17bcd51ef88", size = 1436990, upload-time = "2024-09-04T09:06:08.126Z" },
    { url = "https://files.pythonhosted.org/packages/cb/3b/1520301a47326e6a6043b502647e42892be33b3f051e9791cc8bb43f1a32/kiwisolver-1.4.7-cp39-cp39-musllinux_1_2_aarch64.whl", hash = "sha256:8705f17dfeb43139a692298cb6637ee2e59c0194538153e83e9ee0c75c2eddde", size = 2191122, upload-time = "2024-09-04T09:06:10.345Z" },
    { url = "https://files.pythonhosted.org/packages/cf/c4/eb52da300c166239a2233f1f9c4a1b767dfab98fae27681bfb7ea4873cb6/kiwisolver-1.4.7-cp39-cp39-musllinux_1_2_i686.whl", hash = "sha256:82a5c2f4b87c26bb1a0ef3d16b5c4753434633b83d365cc0ddf2770c93829e3c", size = 2338126, upload-time = "2024-09-04T09:06:12.321Z" },
    { url = "https://files.pythonhosted.org/packages/1a/cb/42b92fd5eadd708dd9107c089e817945500685f3437ce1fd387efebc6d6e/kiwisolver-1.4.7-cp39-cp39-musllinux_1_2_ppc64le.whl", hash = "sha256:ce8be0466f4c0d585cdb6c1e2ed07232221df101a4c6f28821d2aa754ca2d9e2", size = 2298313, upload-time = "2024-09-04T09:06:14.562Z" },
    { url = "https://files.pythonhosted.org/packages/4f/eb/be25aa791fe5fc75a8b1e0c965e00f942496bc04635c9aae8035f6b76dcd/kiwisolver-1.4.7-cp39-cp39-musllinux_1_2_s390x.whl", hash = "sha256:409afdfe1e2e90e6ee7fc896f3df9a7fec8e793e58bfa0d052c8a82f99c37abb", size = 2437784, upload-time = "2024-09-04T09:06:16.767Z" },
    { url = "https://files.pythonhosted.org/packages/c5/22/30a66be7f3368d76ff95689e1c2e28d382383952964ab15330a15d8bfd03/kiwisolver-1.4.7-cp39-cp39-musllinux_1_2_x86_64.whl", hash = "sha256:5b9c3f4ee0b9a439d2415012bd1b1cc2df59e4d6a9939f4d669241d30b414327", size = 2253988, upload-time = "2024-09-04T09:06:18.705Z" },
    { url = "https://files.pythonhosted.org/packages/35/d3/5f2ecb94b5211c8a04f218a76133cc8d6d153b0f9cd0b45fad79907f0689/kiwisolver-1.4.7-cp39-cp39-win32.whl", hash = "sha256:a79ae34384df2b615eefca647a2873842ac3b596418032bef9a7283675962644", size = 46980, upload-time = "2024-09-04T09:06:20.106Z" },
    { url = "https://files.pythonhosted.org/packages/ef/17/cd10d020578764ea91740204edc6b3236ed8106228a46f568d716b11feb2/kiwisolver-1.4.7-cp39-cp39-win_amd64.whl", hash = "sha256:cf0438b42121a66a3a667de17e779330fc0f20b0d97d59d2f2121e182b0505e4", size = 55847, upload-time = "2024-09-04T09:06:21.407Z" },
    { url = "https://files.pythonhosted.org/packages/91/84/32232502020bd78d1d12be7afde15811c64a95ed1f606c10456db4e4c3ac/kiwisolver-1.4.7-cp39-cp39-win_arm64.whl", hash = "sha256:764202cc7e70f767dab49e8df52c7455e8de0df5d858fa801a11aa0d882ccf3f", size = 48494, upload-time = "2024-09-04T09:06:22.648Z" },
    { url = "https://files.pythonhosted.org/packages/d5/df/ce37d9b26f07ab90880923c94d12a6ff4d27447096b4c849bfc4339ccfdf/kiwisolver-1.4.7-pp39-pypy39_pp73-macosx_10_15_x86_64.whl", hash = "sha256:8b01aac285f91ca889c800042c35ad3b239e704b150cfd3382adfc9dcc780e39", size = 58666, upload-time = "2024-09-04T09:06:43.756Z" },
    { url = "https://files.pythonhosted.org/packages/b0/d3/e4b04f43bc629ac8e186b77b2b1a251cdfa5b7610fa189dc0db622672ce6/kiwisolver-1.4.7-pp39-pypy39_pp73-macosx_11_0_arm64.whl", hash = "sha256:48be928f59a1f5c8207154f935334d374e79f2b5d212826307d072595ad76a2e", size = 57088, upload-time = "2024-09-04T09:06:45.406Z" },
    { url = "https://files.pythonhosted.org/packages/30/1c/752df58e2d339e670a535514d2db4fe8c842ce459776b8080fbe08ebb98e/kiwisolver-1.4.7-pp39-pypy39_pp73-manylinux_2_12_i686.manylinux2010_i686.manylinux_2_17_i686.manylinux2014_i686.whl", hash = "sha256:f37cfe618a117e50d8c240555331160d73d0411422b59b5ee217843d7b693608", size = 84321, upload-time = "2024-09-04T09:06:47.557Z" },
    { url = "https://files.pythonhosted.org/packages/f0/f8/fe6484e847bc6e238ec9f9828089fb2c0bb53f2f5f3a79351fde5b565e4f/kiwisolver-1.4.7-pp39-pypy39_pp73-manylinux_2_17_aarch64.manylinux2014_aarch64.whl", hash = "sha256:599b5c873c63a1f6ed7eead644a8a380cfbdf5db91dcb6f85707aaab213b1674", size = 80776, upload-time = "2024-09-04T09:06:49.235Z" },
    { url = "https://files.pythonhosted.org/packages/9b/57/d7163c0379f250ef763aba85330a19feefb5ce6cb541ade853aaba881524/kiwisolver-1.4.7-pp39-pypy39_pp73-manylinux_2_17_x86_64.manylinux2014_x86_64.whl", hash = "sha256:801fa7802e5cfabe3ab0c81a34c323a319b097dfb5004be950482d882f3d7225", size = 79984, upload-time = "2024-09-04T09:06:51.336Z" },
    { url = "https://files.pythonhosted.org/packages/8c/95/4a103776c265d13b3d2cd24fb0494d4e04ea435a8ef97e1b2c026d43250b/kiwisolver-1.4.7-pp39-pypy39_pp73-win_amd64.whl", hash = "sha256:0c6c43471bc764fad4bc99c5c2d6d16a676b1abf844ca7c8702bdae92df01ee0", size = 55811, upload-time = "2024-09-04T09:06:53.078Z" },
]

[[package]]
name = "llvmlite"
version = "0.39.1"
source = { registry = "https://pypi.org/simple" }
sdist = { url = "https://files.pythonhosted.org/packages/14/27/1468111538f33bd9fb13c0b2c1534c7a487cec8fadf14e318d73be18e4e1/llvmlite-0.39.1.tar.gz", hash = "sha256:b43abd7c82e805261c425d50335be9a6c4f84264e34d6d6e475207300005d572", size = 132819, upload-time = "2022-09-02T13:03:34.372Z" }
wheels = [
    { url = "https://files.pythonhosted.org/packages/3e/59/a2f5a20268cd261fb81ce2134267fe6f947bbff9401dbc4f12cfeb089fa6/llvmlite-0.39.1-cp39-cp39-macosx_10_9_x86_64.whl", hash = "sha256:fa9b26939ae553bf30a9f5c4c754db0fb2d2677327f2511e674aa2f5df941789", size = 25493743, upload-time = "2022-09-02T13:03:05.016Z" },
    { url = "https://files.pythonhosted.org/packages/67/d6/7623e80301e9f65b9ce3ac2656e29fab3c91a575e589750ee2a1b03decac/llvmlite-0.39.1-cp39-cp39-macosx_11_0_arm64.whl", hash = "sha256:e4f212c018db951da3e1dc25c2651abc688221934739721f2dad5ff1dd5f90e7", size = 23147720, upload-time = "2022-09-02T13:03:09.308Z" },
    { url = "https://files.pythonhosted.org/packages/11/61/d2dc91f46c588cbf5b8e57f193d79dbd0d2352e9271808837f87281bd240/llvmlite-0.39.1-cp39-cp39-manylinux_2_17_aarch64.manylinux2014_aarch64.whl", hash = "sha256:39dc2160aed36e989610fc403487f11b8764b6650017ff367e45384dff88ffbf", size = 33807439, upload-time = "2022-09-02T13:03:14.266Z" },
    { url = "https://files.pythonhosted.org/packages/d4/a6/42d47c9bbc67ded89504fb91c3b900eca7b89019a53bb5404da1bd56e2d5/llvmlite-0.39.1-cp39-cp39-manylinux_2_17_i686.manylinux2014_i686.whl", hash = "sha256:1ec3d70b3e507515936e475d9811305f52d049281eaa6c8273448a61c9b5b7e2", size = 37520657, upload-time = "2022-09-02T13:03:18.83Z" },
    { url = "https://files.pythonhosted.org/packages/94/ae/a24ff97a39a8b4c60b93c63ccde867249c1d5dab03d790e85d64f99c0db3/llvmlite-0.39.1-cp39-cp39-manylinux_2_17_x86_64.manylinux2014_x86_64.whl", hash = "sha256:60f8dd1e76f47b3dbdee4b38d9189f3e020d22a173c00f930b52131001d801f9", size = 34646597, upload-time = "2022-09-02T13:03:23.276Z" },
    { url = "https://files.pythonhosted.org/packages/ca/2f/408d0c5583a5ebb3ca79c13c47b06c77084558c51d1fab4d015d14671c00/llvmlite-0.39.1-cp39-cp39-win32.whl", hash = "sha256:03aee0ccd81735696474dc4f8b6be60774892a2929d6c05d093d17392c237f32", size = 19149619, upload-time = "2022-09-02T13:03:27.398Z" },
    { url = "https://files.pythonhosted.org/packages/c8/38/a65240eacb5a0e092b13e09a9466f8759654825a850d1b4cb28a6f932722/llvmlite-0.39.1-cp39-cp39-win_amd64.whl", hash = "sha256:3fc14e757bc07a919221f0cbaacb512704ce5774d7fcada793f1996d6bc75f2a", size = 23231716, upload-time = "2022-09-02T13:03:31.402Z" },
]

[[package]]
name = "matplotlib"
version = "3.6.3"
source = { registry = "https://pypi.org/simple" }
dependencies = [
    { name = "contourpy" },
    { name = "cycler" },
    { name = "fonttools" },
    { name = "kiwisolver" },
    { name = "numpy" },
    { name = "packaging" },
    { name = "pillow" },
    { name = "pyparsing" },
    { name = "python-dateutil" },
]
sdist = { url = "https://files.pythonhosted.org/packages/23/6d/2917ed23b17a8c4d1d59974a574cae0a365c392ba8820c8824b03a02f376/matplotlib-3.6.3.tar.gz", hash = "sha256:1f4d69707b1677560cd952544ee4962f68ff07952fb9069ff8c12b56353cb8c9", size = 35868590, upload-time = "2023-01-12T02:22:14.28Z" }
wheels = [
    { url = "https://files.pythonhosted.org/packages/f4/b9/8ca889f3ecb050505fa935a9e2af9dd1b73157c80b339d32370117791777/matplotlib-3.6.3-cp39-cp39-macosx_10_12_universal2.whl", hash = "sha256:6adc441b5b2098a4b904bbf9d9e92fb816fef50c55aa2ea6a823fc89b94bb838", size = 8154880, upload-time = "2023-01-12T02:23:40.342Z" },
    { url = "https://files.pythonhosted.org/packages/11/eb/86f5fa330c35fac8f9daf1ca48ec317a715bac44f0fa4de4d95ca065a1e8/matplotlib-3.6.3-cp39-cp39-macosx_10_12_x86_64.whl", hash = "sha256:6d81b11ede69e3a751424b98dc869c96c10256b2206bfdf41f9c720eee86844c", size = 7335309, upload-time = "2023-01-12T02:23:42.793Z" },
    { url = "https://files.pythonhosted.org/packages/d6/1f/3b1a24758e442bf614bb85a9cecb57b904c4f2b020a6ae79dd7cd62f999b/matplotlib-3.6.3-cp39-cp39-macosx_11_0_arm64.whl", hash = "sha256:29f17b7f2e068dc346687cbdf80b430580bab42346625821c2d3abf3a1ec5417", size = 7244057, upload-time = "2023-01-12T02:23:45.043Z" },
    { url = "https://files.pythonhosted.org/packages/94/25/1cce2a9120cc210ae30a5fe95ff76f7ec32f887f2be96fd38d8ccbc029b4/matplotlib-3.6.3-cp39-cp39-manylinux_2_17_aarch64.manylinux2014_aarch64.whl", hash = "sha256:3f56a7252eee8f3438447f75f5e1148a1896a2756a92285fe5d73bed6deebff4", size = 11619237, upload-time = "2023-01-12T02:23:47.921Z" },
    { url = "https://files.pythonhosted.org/packages/05/66/8e92c6bee9cc93003804eb29aede7c9479196859f9a70c0355860651240d/matplotlib-3.6.3-cp39-cp39-manylinux_2_17_i686.manylinux2014_i686.whl", hash = "sha256:bbddfeb1495484351fb5b30cf5bdf06b3de0bc4626a707d29e43dfd61af2a780", size = 11716478, upload-time = "2023-01-12T02:23:50.9Z" },
    { url = "https://files.pythonhosted.org/packages/71/4d/6d5176b64cfc5b128e859b7675e72c05db52dcb128196b8a27ba834ff5cd/matplotlib-3.6.3-cp39-cp39-manylinux_2_17_x86_64.manylinux2014_x86_64.whl", hash = "sha256:809119d1cba3ece3c9742eb01827fe7a0e781ea3c5d89534655a75e07979344f", size = 11840478, upload-time = "2023-01-12T02:23:53.931Z" },
    { url = "https://files.pythonhosted.org/packages/48/13/b57d6028a5cdbf58bd5379e9e257922edd65100c18d2987f9540cb741d1c/matplotlib-3.6.3-cp39-cp39-win32.whl", hash = "sha256:e0a64d7cc336b52e90f59e6d638ae847b966f68582a7af041e063d568e814740", size = 7106115, upload-time = "2023-01-12T02:23:56.447Z" },
    { url = "https://files.pythonhosted.org/packages/38/10/2d4d32d8daa503c9f1e8fa0ce4c016ab49554d79070066a321f42fca5ac4/matplotlib-3.6.3-cp39-cp39-win_amd64.whl", hash = "sha256:79e501eb847f4a489eb7065bb8d3187117f65a4c02d12ea3a19d6c5bef173bcc", size = 7218790, upload-time = "2023-01-12T02:23:58.539Z" },
    { url = "https://files.pythonhosted.org/packages/89/d4/7b402f51b2de99834cdedd5c4d586bc73b2c245a0156fca4fe2c48aa83a1/matplotlib-3.6.3-pp39-pypy39_pp73-macosx_10_12_x86_64.whl", hash = "sha256:38d38cb1ea1d80ee0f6351b65c6f76cad6060bbbead015720ba001348ae90f0c", size = 7300552, upload-time = "2023-01-12T02:24:10.632Z" },
    { url = "https://files.pythonhosted.org/packages/80/8a/0ee248d17cbd5242ebcfa89b66bb1d0093607a081532fb77e106a8729947/matplotlib-3.6.3-pp39-pypy39_pp73-manylinux_2_17_i686.manylinux2014_i686.whl", hash = "sha256:12f999661589981e74d793ee2f41b924b3b87d65fd929f6153bf0f30675c59b1", size = 7449895, upload-time = "2023-01-12T02:24:13.027Z" },
    { url = "https://files.pythonhosted.org/packages/aa/de/f6cecb733976649c147848f47cbbd9b206d5383d499490443bc0850f78fb/matplotlib-3.6.3-pp39-pypy39_pp73-manylinux_2_17_x86_64.manylinux2014_x86_64.whl", hash = "sha256:01b7f521a9a73c383825813af255f8c4485d1706e4f3e2ed5ae771e4403a40ab", size = 7415947, upload-time = "2023-01-12T02:24:16.056Z" },
    { url = "https://files.pythonhosted.org/packages/8f/75/87dd6daa39c64247924314d096c4d794f84f5e7c665a0e69f18a774e0c70/matplotlib-3.6.3-pp39-pypy39_pp73-win_amd64.whl", hash = "sha256:9ceebaf73f1a3444fa11014f38b9da37ff7ea328d6efa1652241fe3777bfdab9", size = 7215605, upload-time = "2023-01-12T02:24:18.636Z" },
]

[[package]]
name = "numba"
version = "0.56.4"
source = { registry = "https://pypi.org/simple" }
dependencies = [
    { name = "llvmlite" },
    { name = "numpy" },
    { name = "setuptools" },
]
sdist = { url = "https://files.pythonhosted.org/packages/e2/1e/de917b683bb5f0b6078fb1397293eab84c4eaa825fbf94d73d6488eb354f/numba-0.56.4.tar.gz", hash = "sha256:32d9fef412c81483d7efe0ceb6cf4d3310fde8b624a9cecca00f790573ac96ee", size = 2418748, upload-time = "2022-11-04T12:04:00.195Z" }
wheels = [
    { url = "https://files.pythonhosted.org/packages/de/e8/d948883e14f822a82d8113c3a074fadd5cf4cc920fcb8444ec57a5960f59/numba-0.56.4-cp39-cp39-macosx_10_14_x86_64.whl", hash = "sha256:d0ae9270a7a5cc0ede63cd234b4ff1ce166c7a749b91dbbf45e0000c56d3eade", size = 2441750, upload-time = "2022-11-04T12:03:44.043Z" },
    { url = "https://files.pythonhosted.org/packages/d6/ca/f14d880e74a8f4581cc474e30c6c25b8d7febf3e95be7c5156c9c60daa39/numba-0.56.4-cp39-cp39-macosx_11_0_arm64.whl", hash = "sha256:c75e8a5f810ce80a0cfad6e74ee94f9fde9b40c81312949bf356b7304ef20740", size = 2442997, upload-time = "2022-11-04T12:03:46.173Z" },
    { url = "https://files.pythonhosted.org/packages/aa/eb/2781f65d4523d7fbbbf85f0dd63b4e6dadcc441523065801c39f7908cf27/numba-0.56.4-cp39-cp39-manylinux2014_aarch64.manylinux_2_17_aarch64.whl", hash = "sha256:a12ef323c0f2101529d455cfde7f4135eaa147bad17afe10b48634f796d96abd", size = 3205059, upload-time = "2022-11-04T12:03:48.247Z" },
    { url = "https://files.pythonhosted.org/packages/ce/44/ec8efc38c4a64d84dbc508ab56d3c9e2faeb6ddfb9aa9afc1a3754d46ea1/numba-0.56.4-cp39-cp39-manylinux2014_i686.manylinux_2_17_i686.whl", hash = "sha256:03634579d10a6129181129de293dd6b5eaabee86881369d24d63f8fe352dd6cb", size = 3158372, upload-time = "2022-11-04T12:03:50.721Z" },
    { url = "https://files.pythonhosted.org/packages/60/14/5dbefc1cf3b6a4c36968e7391c341b32226c5d00757efd61fe5f3d96a32e/numba-0.56.4-cp39-cp39-manylinux2014_x86_64.manylinux_2_17_x86_64.whl", hash = "sha256:0240f9026b015e336069329839208ebd70ec34ae5bfbf402e4fcc8e06197528e", size = 3482360, upload-time = "2022-11-04T12:03:52.908Z" },
    { url = "https://files.pythonhosted.org/packages/7c/00/ff9a3f34c7862afe80b7ee5f1b78ff21271cf48d42a337d9669316b81b8c/numba-0.56.4-cp39-cp39-win32.whl", hash = "sha256:14dbbabf6ffcd96ee2ac827389afa59a70ffa9f089576500434c34abf9b054a4", size = 2457720, upload-time = "2022-11-04T12:03:55.301Z" },
    { url = "https://files.pythonhosted.org/packages/9e/e8/d439b8eab78745573c3d4822954d081b793f2a7e17478d3d2c93a3709e2d/numba-0.56.4-cp39-cp39-win_amd64.whl", hash = "sha256:0da583c532cd72feefd8e551435747e0e0fbb3c0530357e6845fcc11e38d6aea", size = 2456400, upload-time = "2022-11-04T12:03:57.786Z" },
]

[[package]]
name = "numpy"
version = "1.19.5"
source = { registry = "https://pypi.org/simple" }
sdist = { url = "https://files.pythonhosted.org/packages/51/60/3f0fe5b7675a461d96b9d6729beecd3532565743278a9c3fe6dd09697fa7/numpy-1.19.5.zip", hash = "sha256:a76f502430dd98d7546e1ea2250a7360c065a5fdea52b2dffe8ae7180909b6f4", size = 7318340, upload-time = "2021-01-05T17:45:27.995Z" }
wheels = [
    { url = "https://files.pythonhosted.org/packages/e1/c5/65b2f257a154c7fabc1895b435e7863a1f0bb1769d3c28f1500976e090ee/numpy-1.19.5-cp39-cp39-macosx_10_9_x86_64.whl", hash = "sha256:c843b3f50d1ab7361ca4f0b3639bf691569493a56808a0b0c54a051d260b7dbd", size = 15627844, upload-time = "2021-01-05T17:38:07.188Z" },
    { url = "https://files.pythonhosted.org/packages/a7/67/06b4c4af90b22ce97270eb75927e42b31b814be44a28e12ec2d9ff8995e7/numpy-1.19.5-cp39-cp39-manylinux1_i686.whl", hash = "sha256:d6631f2e867676b13026e2846180e2c13c1e11289d67da08d71cacb2cd93d4aa", size = 11495111, upload-time = "2021-01-05T17:38:48.451Z" },
    { url = "https://files.pythonhosted.org/packages/89/62/189b502767f70a310a010c397fcd52169fdf75f6876e52beb54e98f1ce93/numpy-1.19.5-cp39-cp39-manylinux1_x86_64.whl", hash = "sha256:7fb43004bce0ca31d8f13a6eb5e943fa73371381e53f7074ed21a4cb786c32f8", size = 13392564, upload-time = "2021-01-05T17:39:35.606Z" },
    { url = "https://files.pythonhosted.org/packages/60/f1/9afcfd695ffa3d8295aa2180ae9499f3ab03ddde7ac559c320945f7c4725/numpy-1.19.5-cp39-cp39-manylinux2010_i686.whl", hash = "sha256:2ea52bd92ab9f768cc64a4c3ef8f4b2580a17af0a5436f6126b08efbd1838371", size = 12602683, upload-time = "2021-01-05T17:40:20.035Z" },
    { url = "https://files.pythonhosted.org/packages/f7/50/02c0fb5d913901ad643934713a31567df9b5065c28efc9672b707f80dfb1/numpy-1.19.5-cp39-cp39-manylinux2010_x86_64.whl", hash = "sha256:400580cbd3cff6ffa6293df2278c75aef2d58d8d93d3c5614cd67981dae68ceb", size = 14886464, upload-time = "2021-01-05T17:41:13.272Z" },
    { url = "https://files.pythonhosted.org/packages/91/11/059ef2ef98f9eea49ece6d6046bc537c3050c575108a51a624a179c8e7e3/numpy-1.19.5-cp39-cp39-manylinux2014_aarch64.whl", hash = "sha256:df609c82f18c5b9f6cb97271f03315ff0dbe481a2a02e56aeb1b1a985ce38e60", size = 12411067, upload-time = "2021-01-05T17:41:57.002Z" },
    { url = "https://files.pythonhosted.org/packages/77/fb/f0b570d098e23a899c8e64b3ceaa51bcba617789a45d8b558ad255aa867a/numpy-1.19.5-cp39-cp39-win32.whl", hash = "sha256:ab83f24d5c52d60dbc8cd0528759532736b56db58adaa7b5f1f76ad551416a1e", size = 11029423, upload-time = "2021-01-05T17:42:40.606Z" },
    { url = "https://files.pythonhosted.org/packages/bc/40/d6f7ba9ce5406b578e538325828ea43849a3dfd8db63d1147a257d19c8d1/numpy-1.19.5-cp39-cp39-win_amd64.whl", hash = "sha256:0eef32ca3132a48e43f6a0f5a82cb508f22ce5a3d6f67a8329c81c8e226d3f6e", size = 13267873, upload-time = "2021-01-05T17:43:27.807Z" },
]

[[package]]
name = "packaging"
version = "26.0"
source = { registry = "https://pypi.org/simple" }
sdist = { url = "https://files.pythonhosted.org/packages/65/ee/299d360cdc32edc7d2cf530f3accf79c4fca01e96ffc950d8a52213bd8e4/packaging-26.0.tar.gz", hash = "sha256:00243ae351a257117b6a241061796684b084ed1c516a08c48a3f7e147a9d80b4", size = 143416, upload-time = "2026-01-21T20:50:39.064Z" }
wheels = [
    { url = "https://files.pythonhosted.org/packages/b7/b9/c538f279a4e237a006a2c98387d081e9eb060d203d8ed34467cc0f0b9b53/packaging-26.0-py3-none-any.whl", hash = "sha256:b36f1fef9334a5588b4166f8bcd26a14e521f2b55e6b9de3aaa80d3ff7a37529", size = 74366, upload-time = "2026-01-21T20:50:37.788Z" },
]

[[package]]
name = "pillow"
version = "11.3.0"
source = { registry = "https://pypi.org/simple" }
sdist = { url = "https://files.pythonhosted.org/packages/f3/0d/d0d6dea55cd152ce3d6767bb38a8fc10e33796ba4ba210cbab9354b6d238/pillow-11.3.0.tar.gz", hash = "sha256:3828ee7586cd0b2091b6209e5ad53e20d0649bbe87164a459d0676e035e8f523", size = 47113069, upload-time = "2025-07-01T09:16:30.666Z" }
wheels = [
    { url = "https://files.pythonhosted.org/packages/9e/8e/9c089f01677d1264ab8648352dcb7773f37da6ad002542760c80107da816/pillow-11.3.0-cp39-cp39-macosx_10_10_x86_64.whl", hash = "sha256:48d254f8a4c776de343051023eb61ffe818299eeac478da55227d96e241de53f", size = 5316478, upload-time = "2025-07-01T09:15:52.209Z" },
    { url = "https://files.pythonhosted.org/packages/b5/a9/5749930caf674695867eb56a581e78eb5f524b7583ff10b01b6e5048acb3/pillow-11.3.0-cp39-cp39-macosx_11_0_arm64.whl", hash = "sha256:7aee118e30a4cf54fdd873bd3a29de51e29105ab11f9aad8c32123f58c8f8081", size = 4686522, upload-time = "2025-07-01T09:15:54.162Z" },
    { url = "https://files.pythonhosted.org/packages/43/46/0b85b763eb292b691030795f9f6bb6fcaf8948c39413c81696a01c3577f7/pillow-11.3.0-cp39-cp39-manylinux2014_aarch64.manylinux_2_17_aarch64.whl", hash = "sha256:23cff760a9049c502721bdb743a7cb3e03365fafcdfc2ef9784610714166e5a4", size = 5853376, upload-time = "2025-07-03T13:11:01.066Z" },
    { url = "https://files.pythonhosted.org/packages/5e/c6/1a230ec0067243cbd60bc2dad5dc3ab46a8a41e21c15f5c9b52b26873069/pillow-11.3.0-cp39-cp39-manylinux2014_x86_64.manylinux_2_17_x86_64.whl", hash = "sha256:6359a3bc43f57d5b375d1ad54a0074318a0844d11b76abccf478c37c986d3cfc", size = 7626020, upload-time = "2025-07-03T13:11:06.479Z" },
    { url = "https://files.pythonhosted.org/packages/63/dd/f296c27ffba447bfad76c6a0c44c1ea97a90cb9472b9304c94a732e8dbfb/pillow-11.3.0-cp39-cp39-manylinux_2_27_aarch64.manylinux_2_28_aarch64.whl", hash = "sha256:092c80c76635f5ecb10f3f83d76716165c96f5229addbd1ec2bdbbda7d496e06", size = 5956732, upload-time = "2025-07-01T09:15:56.111Z" },
    { url = "https://files.pythonhosted.org/packages/a5/a0/98a3630f0b57f77bae67716562513d3032ae70414fcaf02750279c389a9e/pillow-11.3.0-cp39-cp39-manylinux_2_27_x86_64.manylinux_2_28_x86_64.whl", hash = "sha256:cadc9e0ea0a2431124cde7e1697106471fc4c1da01530e679b2391c37d3fbb3a", size = 6624404, upload-time = "2025-07-01T09:15:58.245Z" },
    { url = "https://files.pythonhosted.org/packages/de/e6/83dfba5646a290edd9a21964da07674409e410579c341fc5b8f7abd81620/pillow-11.3.0-cp39-cp39-musllinux_1_2_aarch64.whl", hash = "sha256:6a418691000f2a418c9135a7cf0d797c1bb7d9a485e61fe8e7722845b95ef978", size = 6067760, upload-time = "2025-07-01T09:16:00.003Z" },
    { url = "https://files.pythonhosted.org/packages/bc/41/15ab268fe6ee9a2bc7391e2bbb20a98d3974304ab1a406a992dcb297a370/pillow-11.3.0-cp39-cp39-musllinux_1_2_x86_64.whl", hash = "sha256:97afb3a00b65cc0804d1c7abddbf090a81eaac02768af58cbdcaaa0a931e0b6d", size = 6700534, upload-time = "2025-07-01T09:16:02.29Z" },
    { url = "https://files.pythonhosted.org/packages/64/79/6d4f638b288300bed727ff29f2a3cb63db054b33518a95f27724915e3fbc/pillow-11.3.0-cp39-cp39-win32.whl", hash = "sha256:ea944117a7974ae78059fcc1800e5d3295172bb97035c0c1d9345fca1419da71", size = 6277091, upload-time = "2025-07-01T09:16:04.4Z" },
    { url = "https://files.pythonhosted.org/packages/46/05/4106422f45a05716fd34ed21763f8ec182e8ea00af6e9cb05b93a247361a/pillow-11.3.0-cp39-cp39-win_amd64.whl", hash = "sha256:e5c5858ad8ec655450a7c7df532e9842cf8df7cc349df7225c60d5d348c8aada", size = 6986091, upload-time = "2025-07-01T09:16:06.342Z" },
    { url = "https://files.pythonhosted.org/packages/63/c6/287fd55c2c12761d0591549d48885187579b7c257bef0c6660755b0b59ae/pillow-11.3.0-cp39-cp39-win_arm64.whl", hash = "sha256:6abdbfd3aea42be05702a8dd98832329c167ee84400a1d1f61ab11437f1717eb", size = 2422632, upload-time = "2025-07-01T09:16:08.142Z" },
]

[[package]]
name = "pyparsing"
version = "3.3.2"
source = { registry = "https://pypi.org/simple" }
sdist = { url = "https://files.pythonhosted.org/packages/f3/91/9c6ee907786a473bf81c5f53cf703ba0957b23ab84c264080fb5a450416f/pyparsing-3.3.2.tar.gz", hash = "sha256:c777f4d763f140633dcb6d8a3eda953bf7a214dc4eff598413c070bcdc117cbc", size = 6851574, upload-time = "2026-01-21T03:57:59.36Z" }
wheels = [
    { url = "https://files.pythonhosted.org/packages/10/bd/c038d7cc38edc1aa5bf91ab8068b63d4308c66c4c8bb3cbba7dfbc049f9c/pyparsing-3.3.2-py3-none-any.whl", hash = "sha256:850ba148bd908d7e2411587e247a1e4f0327839c40e2e5e6d05a007ecc69911d", size = 122781, upload-time = "2026-01-21T03:57:55.912Z" },
]

[[package]]
name = "python-dateutil"
version = "2.9.0.post0"
source = { registry = "https://pypi.org/simple" }
dependencies = [
    { name = "six" },
]
sdist = { url = "https://files.pythonhosted.org/packages/66/c0/0c8b6ad9f17a802ee498c46e004a0eb49bc148f2fd230864601a86dcf6db/python-dateutil-2.9.0.post0.tar.gz", hash = "sha256:37dd54208da7e1cd875388217d5e00ebd4179249f90fb72437e91a35459a0ad3", size = 342432, upload-time = "2024-03-01T18:36:20.211Z" }
wheels = [
    { url = "https://files.pythonhosted.org/packages/ec/57/56b9bcc3c9c6a792fcbaf139543cee77261f3651ca9da0c93f5c1221264b/python_dateutil-2.9.0.post0-py2.py3-none-any.whl", hash = "sha256:a8b2bc7bffae282281c8140a97d3aa9c14da0b136dfe83f850eea9a5f7470427", size = 229892, upload-time = "2024-03-01T18:36:18.57Z" },
]

[[package]]
name = "pywavelets"
version = "1.4.1"
source = { registry = "https://pypi.org/simple" }
dependencies = [
    { name = "numpy" },
]
sdist = { url = "https://files.pythonhosted.org/packages/6e/d4/008dceeb95fafcf141f39393bdfc10921d0b62a325c2794ac533195a1eb3/PyWavelets-1.4.1.tar.gz", hash = "sha256:6437af3ddf083118c26d8f97ab43b0724b956c9f958e9ea788659f6a2834ba93", size = 4589677, upload-time = "2022-09-16T14:26:50.462Z" }
wheels = [
    { url = "https://files.pythonhosted.org/packages/9f/67/33b37d53da9d225301e30894db5083569aa670b446253b3906fc0e96119e/PyWavelets-1.4.1-cp39-cp39-macosx_10_13_x86_64.whl", hash = "sha256:23bafd60350b2b868076d976bdd92f950b3944f119b4754b1d7ff22b7acbf6c6", size = 4366511, upload-time = "2022-09-16T14:26:39.894Z" },
    { url = "https://files.pythonhosted.org/packages/a0/32/eeeaa4de640a84e2cc35c25aea289367059abce0cac84a9987b139a2a25f/PyWavelets-1.4.1-cp39-cp39-macosx_11_0_arm64.whl", hash = "sha256:d0e56cd7a53aed3cceca91a04d62feb3a0aca6725b1912d29546c26f6ea90426", size = 4268409, upload-time = "2022-09-16T14:26:41.383Z" },
    { url = "https://files.pythonhosted.org/packages/34/c0/a121306b618af45ff7d769e1bd45ed3d6c798dc7f0094e0b56735388d96e/PyWavelets-1.4.1-cp39-cp39-manylinux_2_17_aarch64.manylinux2014_aarch64.whl", hash = "sha256:030670a213ee8fefa56f6387b0c8e7d970c7f7ad6850dc048bd7c89364771b9b", size = 6824100, upload-time = "2022-09-16T14:26:43.007Z" },
    { url = "https://files.pythonhosted.org/packages/5a/98/4549479a32972bdfdd5e75e168219e97f4dfaee535a8308efef7291e8398/PyWavelets-1.4.1-cp39-cp39-manylinux_2_17_x86_64.manylinux2014_x86_64.whl", hash = "sha256:71ab30f51ee4470741bb55fc6b197b4a2b612232e30f6ac069106f0156342356", size = 6908506, upload-time = "2022-09-16T14:26:44.887Z" },
    { url = "https://files.pythonhosted.org/packages/0d/72/db0ef5ca311627f86de89a7af6055301c67490f4160e725cdbd32eea7700/PyWavelets-1.4.1-cp39-cp39-win32.whl", hash = "sha256:47cac4fa25bed76a45bc781a293c26ac63e8eaae9eb8f9be961758d22b58649c", size = 4111933, upload-time = "2022-09-16T14:26:46.505Z" },
    { url = "https://files.pythonhosted.org/packages/02/15/89951f559601fb6755f2231558c33c1b9cbba9e8526906cbc258e27eb53d/PyWavelets-1.4.1-cp39-cp39-win_amd64.whl", hash = "sha256:88aa5449e109d8f5e7f0adef85f7f73b1ab086102865be64421a3a3d02d277f4", size = 4171580, upload-time = "2022-09-16T14:26:48.132Z" },
]

[[package]]
name = "scipy"
version = "1.10.1"
source = { registry = "https://pypi.org/simple" }
dependencies = [
    { name = "numpy" },
]
sdist = { url = "https://files.pythonhosted.org/packages/84/a9/2bf119f3f9cff1f376f924e39cfae18dec92a1514784046d185731301281/scipy-1.10.1.tar.gz", hash = "sha256:2cf9dfb80a7b4589ba4c40ce7588986d6d5cebc5457cad2c2880f6bc2d42f3a5", size = 42407997, upload-time = "2023-02-19T21:20:13.395Z" }
wheels = [
    { url = "https://files.pythonhosted.org/packages/d9/7d/78b8035bc93c869b9f17261c87aae97a9cdb937f65f0d453c2831aa172fc/scipy-1.10.1-cp39-cp39-macosx_10_9_x86_64.whl", hash = "sha256:cd9f1027ff30d90618914a64ca9b1a77a431159df0e2a195d8a9e8a04c78abf9", size = 35158611, upload-time = "2023-02-19T20:56:02.715Z" },
    { url = "https://files.pythonhosted.org/packages/e7/f0/55d81813b1a4cb79ce7dc8290eac083bf38bfb36e1ada94ea13b7b1a5f79/scipy-1.10.1-cp39-cp39-macosx_12_0_arm64.whl", hash = "sha256:79c8e5a6c6ffaf3a2262ef1be1e108a035cf4f05c14df56057b64acc5bebffb6", size = 28902591, upload-time = "2023-02-19T20:56:45.728Z" },
    { url = "https://files.pythonhosted.org/packages/77/d1/722c457b319eed1d642e0a14c9be37eb475f0e6ed1f3401fa480d5d6d36e/scipy-1.10.1-cp39-cp39-manylinux_2_17_aarch64.manylinux2014_aarch64.whl", hash = "sha256:51af417a000d2dbe1ec6c372dfe688e041a7084da4fdd350aeb139bd3fb55353", size = 30960654, upload-time = "2023-02-19T20:57:32.091Z" },
    { url = "https://files.pythonhosted.org/packages/5d/30/b2a2a5bf1a3beefb7609fb871dcc6aef7217c69cef19a4631b7ab5622a8a/scipy-1.10.1-cp39-cp39-manylinux_2_17_x86_64.manylinux2014_x86_64.whl", hash = "sha256:1b4735d6c28aad3cdcf52117e0e91d6b39acd4272f3f5cd9907c24ee931ad601", size = 34458863, upload-time = "2023-02-19T20:58:23.601Z" },
    { url = "https://files.pythonhosted.org/packages/35/20/0ec6246bbb43d18650c9a7cad6602e1a84fd8f9564a9b84cc5faf1e037d0/scipy-1.10.1-cp39-cp39-win_amd64.whl", hash = "sha256:7ff7f37b1bf4417baca958d254e8e2875d0cc23aaadbe65b3d5b3077b0eb23ea", size = 42509516, upload-time = "2023-02-19T20:59:26.296Z" },
]

[[package]]
name = "setuptools"
version = "82.0.0"
source = { registry = "https://pypi.org/simple" }
sdist = { url = "https://files.pythonhosted.org/packages/82/f3/748f4d6f65d1756b9ae577f329c951cda23fb900e4de9f70900ced962085/setuptools-82.0.0.tar.gz", hash = "sha256:22e0a2d69474c6ae4feb01951cb69d515ed23728cf96d05513d36e42b62b37cb", size = 1144893, upload-time = "2026-02-08T15:08:40.206Z" }
wheels = [
    { url = "https://files.pythonhosted.org/packages/e1/c6/76dc613121b793286a3f91621d7b75a2b493e0390ddca50f11993eadf192/setuptools-82.0.0-py3-none-any.whl", hash = "sha256:70b18734b607bd1da571d097d236cfcfacaf01de45717d59e6e04b96877532e0", size = 1003468, upload-time = "2026-02-08T15:08:38.723Z" },
]

[[package]]
name = "sigpy"
version = "0.1.27"
source = { registry = "https://pypi.org/simple" }
dependencies = [
    { name = "numba" },
    { name = "numpy" },
    { name = "pywavelets" },
    { name = "scipy" },
    { name = "tqdm" },
]
sdist = { url = "https://files.pythonhosted.org/packages/fa/66/bc46bf6f03eb45bf937f67a180ad74cf77bf6c5905fb8b590ca59fd094b0/sigpy-0.1.27.tar.gz", hash = "sha256:559e660f75e325642a47f848e6bcbd19d979e90d221bc07892bd97434041b21a", size = 3053, upload-time = "2025-01-10T21:28:15.359Z" }
wheels = [
    { url = "https://files.pythonhosted.org/packages/76/5f/a3df50d3eb88419a07a8c5762c28289f76397a984e65619ef264c9d4b9a3/sigpy-0.1.27-1-py3-none-any.whl", hash = "sha256:e24cdceb0727ae9a8e0206c3d373b00152ee82f6cb01e033f6db38a296770806", size = 108660, upload-time = "2025-01-11T21:55:45.941Z" },
    { url = "https://files.pythonhosted.org/packages/d1/5d/e766856bba1593dafbbf718112969c3b656d79d4e943ca5dbfa2e4453e9c/sigpy-0.1.27-py3-none-any.whl", hash = "sha256:c0b2f2039ff2dc4497890f615e417860a14e40ee2c22b1fb2571ad7383e1c2c6", size = 1957, upload-time = "2025-01-10T21:28:13.38Z" },
]

[[package]]
name = "six"
version = "1.17.0"
source = { registry = "https://pypi.org/simple" }
sdist = { url = "https://files.pythonhosted.org/packages/94/e7/b2c673351809dca68a0e064b6af791aa332cf192da575fd474ed7d6f16a2/six-1.17.0.tar.gz", hash = "sha256:ff70335d468e7eb6ec65b95b99d3a2836546063f63acc5171de367e834932a81", size = 34031, upload-time = "2024-12-04T17:35:28.174Z" }
wheels = [
    { url = "https://files.pythonhosted.org/packages/b7/ce/149a00dd41f10bc29e5921b496af8b574d8413afcd5e30dfa0ed46c2cc5e/six-1.17.0-py2.py3-none-any.whl", hash = "sha256:4721f391ed90541fddacab5acf947aa0d3dc7d27b2e1e8eda2be8970586c3274", size = 11050, upload-time = "2024-12-04T17:35:26.475Z" },
]

[[package]]
name = "torch"
version = "1.9.0"
source = { registry = "https://pypi.org/simple" }
dependencies = [
    { name = "typing-extensions" },
]
wheels = [
    { url = "https://files.pythonhosted.org/packages/18/dc/364619ec35762f0fda9b1ac5bc73e4372a0e451f15e38ef601d3ef006a17/torch-1.9.0-cp39-cp39-manylinux1_x86_64.whl", hash = "sha256:95eeec3a6c42fd35aca552777b7d9979ed489760423de97c0118a45e849a61f4", size = 831430881, upload-time = "2021-06-15T15:20:59.327Z" },
    { url = "https://files.pythonhosted.org/packages/82/10/8bdc31700920d8ebb237993b9809eee0714fc01506b70ddbef577a886fdf/torch-1.9.0-cp39-cp39-manylinux2014_aarch64.whl", hash = "sha256:8a2b2012b3c7d6019e189496688fa77de7029a220840b406d8302d1c8021a11c", size = 48983781, upload-time = "2021-06-15T15:52:14.3Z" },
    { url = "https://files.pythonhosted.org/packages/33/87/2feed4e8d824738bf886cfd7776b9ad38ae0831c4adff0d6c80bb6769390/torch-1.9.0-cp39-cp39-win_amd64.whl", hash = "sha256:7e2b14fe5b3a8266cbe2f6740c0195497507974ced7bc21e99971561913a0c28", size = 221965728, upload-time = "2021-06-15T15:26:54.934Z" },
    { url = "https://files.pythonhosted.org/packages/0c/e9/6ca380d925b3a834f0cb1cac75e4bb53c74a6170bb9b6ec40315501cbdfa/torch-1.9.0-cp39-none-macosx_10_9_x86_64.whl", hash = "sha256:0a9e74b5057463ce4e55d9332a5670993fc9e1299c52e1740e505eda106fb355", size = 127925670, upload-time = "2021-06-15T15:28:01.102Z" },
    { url = "https://files.pythonhosted.org/packages/0d/e4/8e37e9675dc11ac1a01227e94a1aecef75427102273ba500fe60a93d54a4/torch-1.9.0-cp39-none-macosx_11_0_arm64.whl", hash = "sha256:569ead6ae6bb0e636df0fc8af660ef03260e630dc5f2f4cf3198027e7b6bb481", size = 41524757, upload-time = "2021-06-15T16:16:12.878Z" },
]

[[package]]
name = "tqdm"
version = "4.67.3"
source = { registry = "https://pypi.org/simple" }
dependencies = [
    { name = "colorama", marker = "sys_platform == 'win32'" },
]
sdist = { url = "https://files.pythonhosted.org/packages/09/a9/6ba95a270c6f1fbcd8dac228323f2777d886cb206987444e4bce66338dd4/tqdm-4.67.3.tar.gz", hash = "sha256:7d825f03f89244ef73f1d4ce193cb1774a8179fd96f31d7e1dcde62092b960bb", size = 169598, upload-time = "2026-02-03T17:35:53.048Z" }
wheels = [
    { url = "https://files.pythonhosted.org/packages/16/e1/3079a9ff9b8e11b846c6ac5c8b5bfb7ff225eee721825310c91b3b50304f/tqdm-4.67.3-py3-none-any.whl", hash = "sha256:ee1e4c0e59148062281c49d80b25b67771a127c85fc9676d3be5f243206826bf", size = 78374, upload-time = "2026-02-03T17:35:50.982Z" },
]

[[package]]
name = "typing-extensions"
version = "4.15.0"
source = { registry = "https://pypi.org/simple" }
sdist = { url = "https://files.pythonhosted.org/packages/72/94/1a15dd82efb362ac84269196e94cf00f187f7ed21c242792a923cdb1c61f/typing_extensions-4.15.0.tar.gz", hash = "sha256:0cea48d173cc12fa28ecabc3b837ea3cf6f38c6d1136f85cbaaf598984861466", size = 109391, upload-time = "2025-08-25T13:49:26.313Z" }
wheels = [
    { url = "https://files.pythonhosted.org/packages/18/67/36e9267722cc04a6b9f15c7f3441c2363321a3ea07da7ae0c0707beb2a9c/typing_extensions-4.15.0-py3-none-any.whl", hash = "sha256:f0fa19c6845758ab08074a0cfa8b7aecb71c999ca73d62883bc25cc018c4e548", size = 44614, upload-time = "2025-08-25T13:49:24.86Z" },
]
